// !$*UTF8*$!
{
	archiveVersion = 1;
	classes = {
	};
	objectVersion = 55;
	objects = {

/* Begin PBXBuildFile section */
		A6401021288A9EB200239E85 /* LandmarksApp.swift in Sources */ = {isa = PBXBuildFile; fileRef = A6401020288A9EB200239E85 /* LandmarksApp.swift */; };
		A6401023288A9EB200239E85 /* ContentView.swift in Sources */ = {isa = PBXBuildFile; fileRef = A6401022288A9EB200239E85 /* ContentView.swift */; };
		A6401025288A9EB300239E85 /* Assets.xcassets in Resources */ = {isa = PBXBuildFile; fileRef = A6401024288A9EB300239E85 /* Assets.xcassets */; };
		A6401028288A9EB300239E85 /* Preview Assets.xcassets in Resources */ = {isa = PBXBuildFile; fileRef = A6401027288A9EB300239E85 /* Preview Assets.xcassets */; };
		A6A57D52288C39AF00E84354 /* MapView.swift in Sources */ = {isa = PBXBuildFile; fileRef = A6A57D51288C39AF00E84354 /* MapView.swift */; };
		A6A57D63288C3F4B00E84354 /* LICENSE.txt in Resources */ = {isa = PBXBuildFile; fileRef = A6A57D55288C3F4B00E84354 /* LICENSE.txt */; };
		A6A57D64288C3F4B00E84354 /* umbagog@2x.jpg in Resources */ = {isa = PBXBuildFile; fileRef = A6A57D57288C3F4B00E84354 /* umbagog@2x.jpg */; };
		A6A57D65288C3F4B00E84354 /* twinlake@2x.jpg in Resources */ = {isa = PBXBuildFile; fileRef = A6A57D58288C3F4B00E84354 /* twinlake@2x.jpg */; };
		A6A57D66288C3F4B00E84354 /* chincoteague@2x.jpg in Resources */ = {isa = PBXBuildFile; fileRef = A6A57D59288C3F4B00E84354 /* chincoteague@2x.jpg */; };
		A6A57D67288C3F4B00E84354 /* lakemcdonald@2x.jpg in Resources */ = {isa = PBXBuildFile; fileRef = A6A57D5A288C3F4B00E84354 /* lakemcdonald@2x.jpg */; };
		A6A57D68288C3F4B00E84354 /* silversalmoncreek@2x.jpg in Resources */ = {isa = PBXBuildFile; fileRef = A6A57D5B288C3F4B00E84354 /* silversalmoncreek@2x.jpg */; };
		A6A57D69288C3F4B00E84354 /* icybay@2x.jpg in Resources */ = {isa = PBXBuildFile; fileRef = A6A57D5C288C3F4B00E84354 /* icybay@2x.jpg */; };
		A6A57D6A288C3F4B00E84354 /* hiddenlake@2x.jpg in Resources */ = {isa = PBXBuildFile; fileRef = A6A57D5D288C3F4B00E84354 /* hiddenlake@2x.jpg */; };
		A6A57D6B288C3F4B00E84354 /* chilkoottrail@2x.jpg in Resources */ = {isa = PBXBuildFile; fileRef = A6A57D5E288C3F4B00E84354 /* chilkoottrail@2x.jpg */; };
		A6A57D6C288C3F4B00E84354 /* stmarylake@2x.jpg in Resources */ = {isa = PBXBuildFile; fileRef = A6A57D5F288C3F4B00E84354 /* stmarylake@2x.jpg */; };
		A6A57D6D288C3F4B00E84354 /* charleyrivers@2x.jpg in Resources */ = {isa = PBXBuildFile; fileRef = A6A57D60288C3F4B00E84354 /* charleyrivers@2x.jpg */; };
		A6A57D6E288C3F4B00E84354 /* rainbowlake@2x.jpg in Resources */ = {isa = PBXBuildFile; fileRef = A6A57D61288C3F4B00E84354 /* rainbowlake@2x.jpg */; };
		A6A57D6F288C3F4B00E84354 /* landmarkData.json in Resources */ = {isa = PBXBuildFile; fileRef = A6A57D62288C3F4B00E84354 /* landmarkData.json */; };
		A6A57D71288C3F9500E84354 /* Landmark.swift in Sources */ = {isa = PBXBuildFile; fileRef = A6A57D70288C3F9500E84354 /* Landmark.swift */; };
		A6A57D73288C423500E84354 /* ModelData.swift in Sources */ = {isa = PBXBuildFile; fileRef = A6A57D72288C423500E84354 /* ModelData.swift */; };
		A6A57D79288C458F00E84354 /* LandmarkRow.swift in Sources */ = {isa = PBXBuildFile; fileRef = A6A57D78288C458F00E84354 /* LandmarkRow.swift */; };
		A6D55AAA288C58FA005D855E /* LandmarkList.swift in Sources */ = {isa = PBXBuildFile; fileRef = A6D55AA9288C58FA005D855E /* LandmarkList.swift */; };
		A6D55AAC288C5A6E005D855E /* LandmarkDetail.swift in Sources */ = {isa = PBXBuildFile; fileRef = A6D55AAB288C5A6E005D855E /* LandmarkDetail.swift */; };
		A6DDBC8B288ABE5C00FC98FB /* CircleImage.swift in Sources */ = {isa = PBXBuildFile; fileRef = A6DDBC8A288ABE5C00FC98FB /* CircleImage.swift */; };
/* End PBXBuildFile section */

/* Begin PBXFileReference section */
		A640101D288A9EB200239E85 /* Landmarks.app */ = {isa = PBXFileReference; explicitFileType = wrapper.application; includeInIndex = 0; path = Landmarks.app; sourceTree = BUILT_PRODUCTS_DIR; };
		A6401020288A9EB200239E85 /* LandmarksApp.swift */ = {isa = PBXFileReference; lastKnownFileType = sourcecode.swift; path = LandmarksApp.swift; sourceTree = "<group>"; };
		A6401022288A9EB200239E85 /* ContentView.swift */ = {isa = PBXFileReference; lastKnownFileType = sourcecode.swift; path = ContentView.swift; sourceTree = "<group>"; };
		A6401024288A9EB300239E85 /* Assets.xcassets */ = {isa = PBXFileReference; lastKnownFileType = folder.assetcatalog; path = Assets.xcassets; sourceTree = "<group>"; };
		A6401027288A9EB300239E85 /* Preview Assets.xcassets */ = {isa = PBXFileReference; lastKnownFileType = folder.assetcatalog; path = "Preview Assets.xcassets"; sourceTree = "<group>"; };
		A6A57D51288C39AF00E84354 /* MapView.swift */ = {isa = PBXFileReference; lastKnownFileType = sourcecode.swift; path = MapView.swift; sourceTree = "<group>"; };
		A6A57D55288C3F4B00E84354 /* LICENSE.txt */ = {isa = PBXFileReference; fileEncoding = 4; lastKnownFileType = text; path = LICENSE.txt; sourceTree = "<group>"; };
		A6A57D57288C3F4B00E84354 /* umbagog@2x.jpg */ = {isa = PBXFileReference; lastKnownFileType = image.jpeg; path = "umbagog@2x.jpg"; sourceTree = "<group>"; };
		A6A57D58288C3F4B00E84354 /* twinlake@2x.jpg */ = {isa = PBXFileReference; lastKnownFileType = image.jpeg; path = "twinlake@2x.jpg"; sourceTree = "<group>"; };
		A6A57D59288C3F4B00E84354 /* chincoteague@2x.jpg */ = {isa = PBXFileReference; lastKnownFileType = image.jpeg; path = "chincoteague@2x.jpg"; sourceTree = "<group>"; };
		A6A57D5A288C3F4B00E84354 /* lakemcdonald@2x.jpg */ = {isa = PBXFileReference; lastKnownFileType = image.jpeg; path = "lakemcdonald@2x.jpg"; sourceTree = "<group>"; };
		A6A57D5B288C3F4B00E84354 /* silversalmoncreek@2x.jpg */ = {isa = PBXFileReference; lastKnownFileType = image.jpeg; path = "silversalmoncreek@2x.jpg"; sourceTree = "<group>"; };
		A6A57D5C288C3F4B00E84354 /* icybay@2x.jpg */ = {isa = PBXFileReference; lastKnownFileType = image.jpeg; path = "icybay@2x.jpg"; sourceTree = "<group>"; };
		A6A57D5D288C3F4B00E84354 /* hiddenlake@2x.jpg */ = {isa = PBXFileReference; lastKnownFileType = image.jpeg; path = "hiddenlake@2x.jpg"; sourceTree = "<group>"; };
		A6A57D5E288C3F4B00E84354 /* chilkoottrail@2x.jpg */ = {isa = PBXFileReference; lastKnownFileType = image.jpeg; path = "chilkoottrail@2x.jpg"; sourceTree = "<group>"; };
		A6A57D5F288C3F4B00E84354 /* stmarylake@2x.jpg */ = {isa = PBXFileReference; lastKnownFileType = image.jpeg; path = "stmarylake@2x.jpg"; sourceTree = "<group>"; };
		A6A57D60288C3F4B00E84354 /* charleyrivers@2x.jpg */ = {isa = PBXFileReference; lastKnownFileType = image.jpeg; path = "charleyrivers@2x.jpg"; sourceTree = "<group>"; };
		A6A57D61288C3F4B00E84354 /* rainbowlake@2x.jpg */ = {isa = PBXFileReference; lastKnownFileType = image.jpeg; path = "rainbowlake@2x.jpg"; sourceTree = "<group>"; };
		A6A57D62288C3F4B00E84354 /* landmarkData.json */ = {isa = PBXFileReference; fileEncoding = 4; lastKnownFileType = text.json; path = landmarkData.json; sourceTree = "<group>"; };
		A6A57D70288C3F9500E84354 /* Landmark.swift */ = {isa = PBXFileReference; lastKnownFileType = sourcecode.swift; path = Landmark.swift; sourceTree = "<group>"; };
		A6A57D72288C423500E84354 /* ModelData.swift */ = {isa = PBXFileReference; lastKnownFileType = sourcecode.swift; path = ModelData.swift; sourceTree = "<group>"; };
		A6A57D78288C458F00E84354 /* LandmarkRow.swift */ = {isa = PBXFileReference; lastKnownFileType = sourcecode.swift; path = LandmarkRow.swift; sourceTree = "<group>"; };
		A6D55AA9288C58FA005D855E /* LandmarkList.swift */ = {isa = PBXFileReference; lastKnownFileType = sourcecode.swift; path = LandmarkList.swift; sourceTree = "<group>"; };
		A6D55AAB288C5A6E005D855E /* LandmarkDetail.swift */ = {isa = PBXFileReference; lastKnownFileType = sourcecode.swift; path = LandmarkDetail.swift; sourceTree = "<group>"; };
		A6DDBC8A288ABE5C00FC98FB /* CircleImage.swift */ = {isa = PBXFileReference; lastKnownFileType = sourcecode.swift; path = CircleImage.swift; sourceTree = "<group>"; };
/* End PBXFileReference section */

/* Begin PBXFrameworksBuildPhase section */
		A640101A288A9EB200239E85 /* Frameworks */ = {
			isa = PBXFrameworksBuildPhase;
			buildActionMask = 2147483647;
			files = (
			);
			runOnlyForDeploymentPostprocessing = 0;
		};
/* End PBXFrameworksBuildPhase section */

/* Begin PBXGroup section */
		A6401014288A9EB200239E85 = {
			isa = PBXGroup;
			children = (
				A640101F288A9EB200239E85 /* Landmarks */,
				A640101E288A9EB200239E85 /* Products */,
			);
			sourceTree = "<group>";
		};
		A640101E288A9EB200239E85 /* Products */ = {
			isa = PBXGroup;
			children = (
				A640101D288A9EB200239E85 /* Landmarks.app */,
			);
			name = Products;
			sourceTree = "<group>";
		};
		A640101F288A9EB200239E85 /* Landmarks */ = {
			isa = PBXGroup;
			children = (
				A6401020288A9EB200239E85 /* LandmarksApp.swift */,
				A6A57D74288C445000E84354 /* Views */,
				A6A57D76288C44C100E84354 /* Model */,
				A6401024288A9EB300239E85 /* Assets.xcassets */,
				A6401026288A9EB300239E85 /* Preview Content */,
				A6A57D53288C3F4B00E84354 /* Resources */,
			);
			path = Landmarks;
			sourceTree = "<group>";
		};
		A6401026288A9EB300239E85 /* Preview Content */ = {
			isa = PBXGroup;
			children = (
				A6401027288A9EB300239E85 /* Preview Assets.xcassets */,
			);
			path = "Preview Content";
			sourceTree = "<group>";
		};
		A6A57D53288C3F4B00E84354 /* Resources */ = {
			isa = PBXGroup;
			children = (
				A6A57D54288C3F4B00E84354 /* LICENSE */,
				A6A57D56288C3F4B00E84354 /* Images */,
				A6A57D62288C3F4B00E84354 /* landmarkData.json */,
			);
			path = Resources;
			sourceTree = "<group>";
		};
		A6A57D54288C3F4B00E84354 /* LICENSE */ = {
			isa = PBXGroup;
			children = (
				A6A57D55288C3F4B00E84354 /* LICENSE.txt */,
			);
			path = LICENSE;
			sourceTree = "<group>";
		};
		A6A57D56288C3F4B00E84354 /* Images */ = {
			isa = PBXGroup;
			children = (
				A6A57D57288C3F4B00E84354 /* umbagog@2x.jpg */,
				A6A57D58288C3F4B00E84354 /* twinlake@2x.jpg */,
				A6A57D59288C3F4B00E84354 /* chincoteague@2x.jpg */,
				A6A57D5A288C3F4B00E84354 /* lakemcdonald@2x.jpg */,
				A6A57D5B288C3F4B00E84354 /* silversalmoncreek@2x.jpg */,
				A6A57D5C288C3F4B00E84354 /* icybay@2x.jpg */,
				A6A57D5D288C3F4B00E84354 /* hiddenlake@2x.jpg */,
				A6A57D5E288C3F4B00E84354 /* chilkoottrail@2x.jpg */,
				A6A57D5F288C3F4B00E84354 /* stmarylake@2x.jpg */,
				A6A57D60288C3F4B00E84354 /* charleyrivers@2x.jpg */,
				A6A57D61288C3F4B00E84354 /* rainbowlake@2x.jpg */,
			);
			path = Images;
			sourceTree = "<group>";
		};
		A6A57D74288C445000E84354 /* Views */ = {
			isa = PBXGroup;
			children = (
				A6401022288A9EB200239E85 /* ContentView.swift */,
				A6DDBC8A288ABE5C00FC98FB /* CircleImage.swift */,
				A6A57D51288C39AF00E84354 /* MapView.swift */,
				A6A57D78288C458F00E84354 /* LandmarkRow.swift */,
				A6D55AA9288C58FA005D855E /* LandmarkList.swift */,
				A6D55AAB288C5A6E005D855E /* LandmarkDetail.swift */,
			);
			path = Views;
			sourceTree = "<group>";
		};
		A6A57D76288C44C100E84354 /* Model */ = {
			isa = PBXGroup;
			children = (
				A6A57D70288C3F9500E84354 /* Landmark.swift */,
				A6A57D72288C423500E84354 /* ModelData.swift */,
			);
			path = Model;
			sourceTree = "<group>";
		};
/* End PBXGroup section */

/* Begin PBXNativeTarget section */
		A640101C288A9EB200239E85 /* Landmarks */ = {
			isa = PBXNativeTarget;
			buildConfigurationList = A640102B288A9EB300239E85 /* Build configuration list for PBXNativeTarget "Landmarks" */;
			buildPhases = (
				A6401019288A9EB200239E85 /* Sources */,
				A640101A288A9EB200239E85 /* Frameworks */,
				A640101B288A9EB200239E85 /* Resources */,
			);
			buildRules = (
			);
			dependencies = (
			);
			name = Landmarks;
			productName = Landmarks;
			productReference = A640101D288A9EB200239E85 /* Landmarks.app */;
			productType = "com.apple.product-type.application";
		};
/* End PBXNativeTarget section */

/* Begin PBXProject section */
		A6401015288A9EB200239E85 /* Project object */ = {
			isa = PBXProject;
			attributes = {
				BuildIndependentTargetsInParallel = 1;
				LastSwiftUpdateCheck = 1340;
				LastUpgradeCheck = 1340;
				TargetAttributes = {
					A640101C288A9EB200239E85 = {
						CreatedOnToolsVersion = 13.4.1;
					};
				};
			};
			buildConfigurationList = A6401018288A9EB200239E85 /* Build configuration list for PBXProject "Landmarks" */;
			compatibilityVersion = "Xcode 13.0";
			developmentRegion = en;
			hasScannedForEncodings = 0;
			knownRegions = (
				en,
				Base,
			);
			mainGroup = A6401014288A9EB200239E85;
			productRefGroup = A640101E288A9EB200239E85 /* Products */;
			projectDirPath = "";
			projectRoot = "";
			targets = (
				A640101C288A9EB200239E85 /* Landmarks */,
			);
		};
/* End PBXProject section */

/* Begin PBXResourcesBuildPhase section */
		A640101B288A9EB200239E85 /* Resources */ = {
			isa = PBXResourcesBuildPhase;
			buildActionMask = 2147483647;
			files = (
				A6A57D6D288C3F4B00E84354 /* charleyrivers@2x.jpg in Resources */,
				A6A57D63288C3F4B00E84354 /* LICENSE.txt in Resources */,
				A6A57D6A288C3F4B00E84354 /* hiddenlake@2x.jpg in Resources */,
				A6A57D64288C3F4B00E84354 /* umbagog@2x.jpg in Resources */,
				A6A57D6E288C3F4B00E84354 /* rainbowlake@2x.jpg in Resources */,
				A6A57D69288C3F4B00E84354 /* icybay@2x.jpg in Resources */,
				A6A57D68288C3F4B00E84354 /* silversalmoncreek@2x.jpg in Resources */,
				A6401028288A9EB300239E85 /* Preview Assets.xcassets in Resources */,
				A6A57D6F288C3F4B00E84354 /* landmarkData.json in Resources */,
				A6A57D65288C3F4B00E84354 /* twinlake@2x.jpg in Resources */,
				A6A57D6C288C3F4B00E84354 /* stmarylake@2x.jpg in Resources */,
				A6A57D67288C3F4B00E84354 /* lakemcdonald@2x.jpg in Resources */,
				A6A57D6B288C3F4B00E84354 /* chilkoottrail@2x.jpg in Resources */,
				A6401025288A9EB300239E85 /* Assets.xcassets in Resources */,
				A6A57D66288C3F4B00E84354 /* chincoteague@2x.jpg in Resources */,
			);
			runOnlyForDeploymentPostprocessing = 0;
		};
/* End PBXResourcesBuildPhase section */

/* Begin PBXSourcesBuildPhase section */
		A6401019288A9EB200239E85 /* Sources */ = {
			isa = PBXSourcesBuildPhase;
			buildActionMask = 2147483647;
			files = (
				A6401023288A9EB200239E85 /* ContentView.swift in Sources */,
				A6A57D73288C423500E84354 /* ModelData.swift in Sources */,
				A6A57D52288C39AF00E84354 /* MapView.swift in Sources */,
				A6D55AAA288C58FA005D855E /* LandmarkList.swift in Sources */,
				A6D55AAC288C5A6E005D855E /* LandmarkDetail.swift in Sources */,
				A6401021288A9EB200239E85 /* LandmarksApp.swift in Sources */,
				A6DDBC8B288ABE5C00FC98FB /* CircleImage.swift in Sources */,
				A6A57D79288C458F00E84354 /* LandmarkRow.swift in Sources */,
				A6A57D71288C3F9500E84354 /* Landmark.swift in Sources */,
			);
			runOnlyForDeploymentPostprocessing = 0;
		};
/* End PBXSourcesBuildPhase section */

/* Begin XCBuildConfiguration section */
		A6401029288A9EB300239E85 /* Debug */ = {
			isa = XCBuildConfiguration;
			buildSettings = {
				ALWAYS_SEARCH_USER_PATHS = NO;
				CLANG_ANALYZER_NONNULL = YES;
				CLANG_ANALYZER_NUMBER_OBJECT_CONVERSION = YES_AGGRESSIVE;
				CLANG_CXX_LANGUAGE_STANDARD = "gnu++17";
				CLANG_ENABLE_MODULES = YES;
				CLANG_ENABLE_OBJC_ARC = YES;
				CLANG_ENABLE_OBJC_WEAK = YES;
				CLANG_WARN_BLOCK_CAPTURE_AUTORELEASING = YES;
				CLANG_WARN_BOOL_CONVERSION = YES;
				CLANG_WARN_COMMA = YES;
				CLANG_WARN_CONSTANT_CONVERSION = YES;
				CLANG_WARN_DEPRECATED_OBJC_IMPLEMENTATIONS = YES;
				CLANG_WARN_DIRECT_OBJC_ISA_USAGE = YES_ERROR;
				CLANG_WARN_DOCUMENTATION_COMMENTS = YES;
				CLANG_WARN_EMPTY_BODY = YES;
				CLANG_WARN_ENUM_CONVERSION = YES;
				CLANG_WARN_INFINITE_RECURSION = YES;
				CLANG_WARN_INT_CONVERSION = YES;
				CLANG_WARN_NON_LITERAL_NULL_CONVERSION = YES;
				CLANG_WARN_OBJC_IMPLICIT_RETAIN_SELF = YES;
				CLANG_WARN_OBJC_LITERAL_CONVERSION = YES;
				CLANG_WARN_OBJC_ROOT_CLASS = YES_ERROR;
				CLANG_WARN_QUOTED_INCLUDE_IN_FRAMEWORK_HEADER = YES;
				CLANG_WARN_RANGE_LOOP_ANALYSIS = YES;
				CLANG_WARN_STRICT_PROTOTYPES = YES;
				CLANG_WARN_SUSPICIOUS_MOVE = YES;
				CLANG_WARN_UNGUARDED_AVAILABILITY = YES_AGGRESSIVE;
				CLANG_WARN_UNREACHABLE_CODE = YES;
				CLANG_WARN__DUPLICATE_METHOD_MATCH = YES;
				COPY_PHASE_STRIP = NO;
				DEBUG_INFORMATION_FORMAT = dwarf;
				ENABLE_STRICT_OBJC_MSGSEND = YES;
				ENABLE_TESTABILITY = YES;
				GCC_C_LANGUAGE_STANDARD = gnu11;
				GCC_DYNAMIC_NO_PIC = NO;
				GCC_NO_COMMON_BLOCKS = YES;
				GCC_OPTIMIZATION_LEVEL = 0;
				GCC_PREPROCESSOR_DEFINITIONS = (
					"DEBUG=1",
					"$(inherited)",
				);
				GCC_WARN_64_TO_32_BIT_CONVERSION = YES;
				GCC_WARN_ABOUT_RETURN_TYPE = YES_ERROR;
				GCC_WARN_UNDECLARED_SELECTOR = YES;
				GCC_WARN_UNINITIALIZED_AUTOS = YES_AGGRESSIVE;
				GCC_WARN_UNUSED_FUNCTION = YES;
				GCC_WARN_UNUSED_VARIABLE = YES;
				IPHONEOS_DEPLOYMENT_TARGET = 15.5;
				MTL_ENABLE_DEBUG_INFO = INCLUDE_SOURCE;
				MTL_FAST_MATH = YES;
				ONLY_ACTIVE_ARCH = YES;
				SDKROOT = iphoneos;
				SWIFT_ACTIVE_COMPILATION_CONDITIONS = DEBUG;
				SWIFT_OPTIMIZATION_LEVEL = "-Onone";
			};
			name = Debug;
		};
		A640102A288A9EB300239E85 /* Release */ = {
			isa = XCBuildConfiguration;
			buildSettings = {
				ALWAYS_SEARCH_USER_PATHS = NO;
				CLANG_ANALYZER_NONNULL = YES;
				CLANG_ANALYZER_NUMBER_OBJECT_CONVERSION = YES_AGGRESSIVE;
				CLANG_CXX_LANGUAGE_STANDARD = "gnu++17";
				CLANG_ENABLE_MODULES = YES;
				CLANG_ENABLE_OBJC_ARC = YES;
				CLANG_ENABLE_OBJC_WEAK = YES;
				CLANG_WARN_BLOCK_CAPTURE_AUTORELEASING = YES;
				CLANG_WARN_BOOL_CONVERSION = YES;
				CLANG_WARN_COMMA = YES;
				CLANG_WARN_CONSTANT_CONVERSION = YES;
				CLANG_WARN_DEPRECATED_OBJC_IMPLEMENTATIONS = YES;
				CLANG_WARN_DIRECT_OBJC_ISA_USAGE = YES_ERROR;
				CLANG_WARN_DOCUMENTATION_COMMENTS = YES;
				CLANG_WARN_EMPTY_BODY = YES;
				CLANG_WARN_ENUM_CONVERSION = YES;
				CLANG_WARN_INFINITE_RECURSION = YES;
				CLANG_WARN_INT_CONVERSION = YES;
				CLANG_WARN_NON_LITERAL_NULL_CONVERSION = YES;
				CLANG_WARN_OBJC_IMPLICIT_RETAIN_SELF = YES;
				CLANG_WARN_OBJC_LITERAL_CONVERSION = YES;
				CLANG_WARN_OBJC_ROOT_CLASS = YES_ERROR;
				CLANG_WARN_QUOTED_INCLUDE_IN_FRAMEWORK_HEADER = YES;
				CLANG_WARN_RANGE_LOOP_ANALYSIS = YES;
				CLANG_WARN_STRICT_PROTOTYPES = YES;
				CLANG_WARN_SUSPICIOUS_MOVE = YES;
				CLANG_WARN_UNGUARDED_AVAILABILITY = YES_AGGRESSIVE;
				CLANG_WARN_UNREACHABLE_CODE = YES;
				CLANG_WARN__DUPLICATE_METHOD_MATCH = YES;
				COPY_PHASE_STRIP = NO;
				DEBUG_INFORMATION_FORMAT = "dwarf-with-dsym";
				ENABLE_NS_ASSERTIONS = NO;
				ENABLE_STRICT_OBJC_MSGSEND = YES;
				GCC_C_LANGUAGE_STANDARD = gnu11;
				GCC_NO_COMMON_BLOCKS = YES;
				GCC_WARN_64_TO_32_BIT_CONVERSION = YES;
				GCC_WARN_ABOUT_RETURN_TYPE = YES_ERROR;
				GCC_WARN_UNDECLARED_SELECTOR = YES;
				GCC_WARN_UNINITIALIZED_AUTOS = YES_AGGRESSIVE;
				GCC_WARN_UNUSED_FUNCTION = YES;
				GCC_WARN_UNUSED_VARIABLE = YES;
				IPHONEOS_DEPLOYMENT_TARGET = 15.5;
				MTL_ENABLE_DEBUG_INFO = NO;
				MTL_FAST_MATH = YES;
				SDKROOT = iphoneos;
				SWIFT_COMPILATION_MODE = wholemodule;
				SWIFT_OPTIMIZATION_LEVEL = "-O";
				VALIDATE_PRODUCT = YES;
			};
			name = Release;
		};
		A640102C288A9EB300239E85 /* Debug */ = {
			isa = XCBuildConfiguration;
			buildSettings = {
				ASSETCATALOG_COMPILER_APPICON_NAME = AppIcon;
				ASSETCATALOG_COMPILER_GLOBAL_ACCENT_COLOR_NAME = AccentColor;
				CODE_SIGN_STYLE = Automatic;
				CURRENT_PROJECT_VERSION = 1;
				DEVELOPMENT_ASSET_PATHS = "\"Landmarks/Preview Content\"";
				ENABLE_PREVIEWS = YES;
				GENERATE_INFOPLIST_FILE = YES;
				INFOPLIST_KEY_UIApplicationSceneManifest_Generation = YES;
				INFOPLIST_KEY_UIApplicationSupportsIndirectInputEvents = YES;
				INFOPLIST_KEY_UILaunchScreen_Generation = YES;
				INFOPLIST_KEY_UISupportedInterfaceOrientations_iPad = "UIInterfaceOrientationPortrait UIInterfaceOrientationPortraitUpsideDown UIInterfaceOrientationLandscapeLeft UIInterfaceOrientationLandscapeRight";
				INFOPLIST_KEY_UISupportedInterfaceOrientations_iPhone = "UIInterfaceOrientationPortrait UIInterfaceOrientationLandscapeLeft UIInterfaceOrientationLandscapeRight";
				LD_RUNPATH_SEARCH_PATHS = (
					"$(inherited)",
					"@executable_path/Frameworks",
				);
				MARKETING_VERSION = 1.0;
				PRODUCT_BUNDLE_IDENTIFIER = tobilee1011.Landmarks;
				PRODUCT_NAME = "$(TARGET_NAME)";
				SWIFT_EMIT_LOC_STRINGS = YES;
				SWIFT_VERSION = 5.0;
				TARGETED_DEVICE_FAMILY = "1,2";
			};
			name = Debug;
		};
		A640102D288A9EB300239E85 /* Release */ = {
			isa = XCBuildConfiguration;
			buildSettings = {
				ASSETCATALOG_COMPILER_APPICON_NAME = AppIcon;
				ASSETCATALOG_COMPILER_GLOBAL_ACCENT_COLOR_NAME = AccentColor;
				CODE_SIGN_STYLE = Automatic;
				CURRENT_PROJECT_VERSION = 1;
				DEVELOPMENT_ASSET_PATHS = "\"Landmarks/Preview Content\"";
				ENABLE_PREVIEWS = YES;
				GENERATE_INFOPLIST_FILE = YES;
				INFOPLIST_KEY_UIApplicationSceneManifest_Generation = YES;
				INFOPLIST_KEY_UIApplicationSupportsIndirectInputEvents = YES;
				INFOPLIST_KEY_UILaunchScreen_Generation = YES;
				INFOPLIST_KEY_UISupportedInterfaceOrientations_iPad = "UIInterfaceOrientationPortrait UIInterfaceOrientationPortraitUpsideDown UIInterfaceOrientationLandscapeLeft UIInterfaceOrientationLandscapeRight";
				INFOPLIST_KEY_UISupportedInterfaceOrientations_iPhone = "UIInterfaceOrientationPortrait UIInterfaceOrientationLandscapeLeft UIInterfaceOrientationLandscapeRight";
				LD_RUNPATH_SEARCH_PATHS = (
					"$(inherited)",
					"@executable_path/Frameworks",
				);
				MARKETING_VERSION = 1.0;
				PRODUCT_BUNDLE_IDENTIFIER = tobilee1011.Landmarks;
				PRODUCT_NAME = "$(TARGET_NAME)";
				SWIFT_EMIT_LOC_STRINGS = YES;
				SWIFT_VERSION = 5.0;
				TARGETED_DEVICE_FAMILY = "1,2";
			};
			name = Release;
		};
/* End XCBuildConfiguration section */

/* Begin XCConfigurationList section */
		A6401018288A9EB200239E85 /* Build configuration list for PBXProject "Landmarks" */ = {
			isa = XCConfigurationList;
			buildConfigurations = (
				A6401029288A9EB300239E85 /* Debug */,
				A640102A288A9EB300239E85 /* Release */,
			);
			defaultConfigurationIsVisible = 0;
			defaultConfigurationName = Release;
		};
		A640102B288A9EB300239E85 /* Build configuration list for PBXNativeTarget "Landmarks" */ = {
			isa = XCConfigurationList;
			buildConfigurations = (
				A640102C288A9EB300239E85 /* Debug */,
				A640102D288A9EB300239E85 /* Release */,
			);
			defaultConfigurationIsVisible = 0;
			defaultConfigurationName = Release;
		};
/* End XCConfigurationList section */
	};
	rootObject = A6401015288A9EB200239E85 /* Project object */;
}
